// !$*UTF8*$!
{
	archiveVersion = 1;
	classes = {
	};
	objectVersion = 51;
	objects = {

/* Begin PBXBuildFile section */
		EDEEF1A024A1D681000C2438 /* main.swift in Sources */ = {isa = PBXBuildFile; fileRef = EDEEF19F24A1D681000C2438 /* main.swift */; };
		EDEEF1AC24A33115000C2438 /* Blackjack.swift in Sources */ = {isa = PBXBuildFile; fileRef = EDEEF1AB24A33115000C2438 /* Blackjack.swift */; };
		EDEEF1AE24A35060000C2438 /* SeperateSum.swift in Sources */ = {isa = PBXBuildFile; fileRef = EDEEF1AD24A35060000C2438 /* SeperateSum.swift */; };
		EDEEF1B024A35BB9000C2438 /* BigSize.swift in Sources */ = {isa = PBXBuildFile; fileRef = EDEEF1AF24A35BB9000C2438 /* BigSize.swift */; };
		EDEEF1B324B32007000C2438 /* HighestNumber.swift in Sources */ = {isa = PBXBuildFile; fileRef = EDEEF1B224B32007000C2438 /* HighestNumber.swift */; };
		EDEEF1B624B597F6000C2438 /* BestNumber.swift in Sources */ = {isa = PBXBuildFile; fileRef = EDEEF1B524B597F6000C2438 /* BestNumber.swift */; };
		EDEEF1B924B5B4DA000C2438 /* numberSort.swift in Sources */ = {isa = PBXBuildFile; fileRef = EDEEF1B824B5B4DA000C2438 /* numberSort.swift */; };
		EDEEF1BC24B5BB55000C2438 /* stack1.swift in Sources */ = {isa = PBXBuildFile; fileRef = EDEEF1BB24B5BB55000C2438 /* stack1.swift */; };
		EDEEF1BE24B7041E000C2438 /* stack2.swift in Sources */ = {isa = PBXBuildFile; fileRef = EDEEF1BD24B7041E000C2438 /* stack2.swift */; };
		EDEEF1C424BACC80000C2438 /* H_Index.swift in Sources */ = {isa = PBXBuildFile; fileRef = EDEEF1C324BACC80000C2438 /* H_Index.swift */; };
/* End PBXBuildFile section */

/* Begin PBXCopyFilesBuildPhase section */
		EDEEF19A24A1D681000C2438 /* CopyFiles */ = {
			isa = PBXCopyFilesBuildPhase;
			buildActionMask = 2147483647;
			dstPath = /usr/share/man/man1/;
			dstSubfolderSpec = 0;
			files = (
			);
			runOnlyForDeploymentPostprocessing = 1;
		};
/* End PBXCopyFilesBuildPhase section */

/* Begin PBXFileReference section */
		EDEEF19C24A1D681000C2438 /* Algorithm_Swift */ = {isa = PBXFileReference; explicitFileType = "compiled.mach-o.executable"; includeInIndex = 0; path = Algorithm_Swift; sourceTree = BUILT_PRODUCTS_DIR; };
		EDEEF19F24A1D681000C2438 /* main.swift */ = {isa = PBXFileReference; lastKnownFileType = sourcecode.swift; path = main.swift; sourceTree = "<group>"; };
		EDEEF1AB24A33115000C2438 /* Blackjack.swift */ = {isa = PBXFileReference; lastKnownFileType = sourcecode.swift; path = Blackjack.swift; sourceTree = "<group>"; };
		EDEEF1AD24A35060000C2438 /* SeperateSum.swift */ = {isa = PBXFileReference; lastKnownFileType = sourcecode.swift; path = SeperateSum.swift; sourceTree = "<group>"; };
		EDEEF1AF24A35BB9000C2438 /* BigSize.swift */ = {isa = PBXFileReference; lastKnownFileType = sourcecode.swift; path = BigSize.swift; sourceTree = "<group>"; };
		EDEEF1B224B32007000C2438 /* HighestNumber.swift */ = {isa = PBXFileReference; lastKnownFileType = sourcecode.swift; path = HighestNumber.swift; sourceTree = "<group>"; };
		EDEEF1B524B597F6000C2438 /* BestNumber.swift */ = {isa = PBXFileReference; lastKnownFileType = sourcecode.swift; path = BestNumber.swift; sourceTree = "<group>"; };
		EDEEF1B824B5B4DA000C2438 /* numberSort.swift */ = {isa = PBXFileReference; lastKnownFileType = sourcecode.swift; path = numberSort.swift; sourceTree = "<group>"; };
		EDEEF1BB24B5BB55000C2438 /* stack1.swift */ = {isa = PBXFileReference; lastKnownFileType = sourcecode.swift; path = stack1.swift; sourceTree = "<group>"; };
		EDEEF1BD24B7041E000C2438 /* stack2.swift */ = {isa = PBXFileReference; lastKnownFileType = sourcecode.swift; path = stack2.swift; sourceTree = "<group>"; };
		EDEEF1C224B9EE39000C2438 /* test.playground */ = {isa = PBXFileReference; lastKnownFileType = file.playground; path = test.playground; sourceTree = "<group>"; xcLanguageSpecificationIdentifier = xcode.lang.swift; };
		EDEEF1C324BACC80000C2438 /* H_Index.swift */ = {isa = PBXFileReference; lastKnownFileType = sourcecode.swift; path = H_Index.swift; sourceTree = "<group>"; };
/* End PBXFileReference section */

/* Begin PBXFrameworksBuildPhase section */
		EDEEF19924A1D681000C2438 /* Frameworks */ = {
			isa = PBXFrameworksBuildPhase;
			buildActionMask = 2147483647;
			files = (
			);
			runOnlyForDeploymentPostprocessing = 0;
		};
/* End PBXFrameworksBuildPhase section */

/* Begin PBXGroup section */
		EDEEF19324A1D681000C2438 = {
			isa = PBXGroup;
			children = (
				EDEEF19E24A1D681000C2438 /* Algorithm_Swift */,
				EDEEF19D24A1D681000C2438 /* Products */,
			);
			sourceTree = "<group>";
		};
		EDEEF19D24A1D681000C2438 /* Products */ = {
			isa = PBXGroup;
			children = (
				EDEEF19C24A1D681000C2438 /* Algorithm_Swift */,
			);
			name = Products;
			sourceTree = "<group>";
		};
		EDEEF19E24A1D681000C2438 /* Algorithm_Swift */ = {
			isa = PBXGroup;
			children = (
				EDEEF1B124B31FF0000C2438 /* Programmers */,
				EDEEF1A924A3308F000C2438 /* Backjoon */,
				EDEEF19F24A1D681000C2438 /* main.swift */,
			);
			path = Algorithm_Swift;
			sourceTree = "<group>";
		};
		EDEEF1A924A3308F000C2438 /* Backjoon */ = {
			isa = PBXGroup;
			children = (
				EDEEF1B724B5B4C5000C2438 /* Sort */,
				EDEEF1AA24A330A2000C2438 /* BruteForce */,
			);
			path = Backjoon;
			sourceTree = "<group>";
		};
		EDEEF1AA24A330A2000C2438 /* BruteForce */ = {
			isa = PBXGroup;
			children = (
				EDEEF1AB24A33115000C2438 /* Blackjack.swift */,
				EDEEF1AD24A35060000C2438 /* SeperateSum.swift */,
				EDEEF1AF24A35BB9000C2438 /* BigSize.swift */,
			);
			path = BruteForce;
			sourceTree = "<group>";
		};
		EDEEF1B124B31FF0000C2438 /* Programmers */ = {
			isa = PBXGroup;
			children = (
				EDEEF1BF24B9B34A000C2438 /* skillCheck */,
				EDEEF1BA24B5BB41000C2438 /* stack_queue */,
				EDEEF1B424B3200B000C2438 /* Sort */,
			);
			path = Programmers;
			sourceTree = "<group>";
		};
		EDEEF1B424B3200B000C2438 /* Sort */ = {
			isa = PBXGroup;
			children = (
				EDEEF1B224B32007000C2438 /* HighestNumber.swift */,
				EDEEF1B524B597F6000C2438 /* BestNumber.swift */,
				EDEEF1C324BACC80000C2438 /* H_Index.swift */,
			);
			path = Sort;
			sourceTree = "<group>";
		};
		EDEEF1B724B5B4C5000C2438 /* Sort */ = {
			isa = PBXGroup;
			children = (
				EDEEF1B824B5B4DA000C2438 /* numberSort.swift */,
			);
			path = Sort;
			sourceTree = "<group>";
		};
		EDEEF1BA24B5BB41000C2438 /* stack_queue */ = {
			isa = PBXGroup;
			children = (
				EDEEF1BB24B5BB55000C2438 /* stack1.swift */,
				EDEEF1BD24B7041E000C2438 /* stack2.swift */,
			);
			path = stack_queue;
			sourceTree = "<group>";
		};
		EDEEF1BF24B9B34A000C2438 /* skillCheck */ = {
			isa = PBXGroup;
			children = (
				EDEEF1C224B9EE39000C2438 /* test.playground */,
			);
			path = skillCheck;
			sourceTree = "<group>";
		};
/* End PBXGroup section */

/* Begin PBXNativeTarget section */
		EDEEF19B24A1D681000C2438 /* Algorithm_Swift */ = {
			isa = PBXNativeTarget;
			buildConfigurationList = EDEEF1A324A1D681000C2438 /* Build configuration list for PBXNativeTarget "Algorithm_Swift" */;
			buildPhases = (
				EDEEF19824A1D681000C2438 /* Sources */,
				EDEEF19924A1D681000C2438 /* Frameworks */,
				EDEEF19A24A1D681000C2438 /* CopyFiles */,
			);
			buildRules = (
			);
			dependencies = (
			);
			name = Algorithm_Swift;
			productName = Algorithm_Swift;
			productReference = EDEEF19C24A1D681000C2438 /* Algorithm_Swift */;
			productType = "com.apple.product-type.tool";
		};
/* End PBXNativeTarget section */

/* Begin PBXProject section */
		EDEEF19424A1D681000C2438 /* Project object */ = {
			isa = PBXProject;
			attributes = {
				LastSwiftUpdateCheck = 1150;
				LastUpgradeCheck = 1150;
				ORGANIZATIONNAME = "박성주";
				TargetAttributes = {
					EDEEF19B24A1D681000C2438 = {
						CreatedOnToolsVersion = 11.5;
					};
				};
			};
			buildConfigurationList = EDEEF19724A1D681000C2438 /* Build configuration list for PBXProject "Algorithm_Swift" */;
			compatibilityVersion = "Xcode 10.0";
			developmentRegion = en;
			hasScannedForEncodings = 0;
			knownRegions = (
				en,
				Base,
			);
			mainGroup = EDEEF19324A1D681000C2438;
			productRefGroup = EDEEF19D24A1D681000C2438 /* Products */;
			projectDirPath = "";
			projectRoot = "";
			targets = (
				EDEEF19B24A1D681000C2438 /* Algorithm_Swift */,
			);
		};
/* End PBXProject section */

/* Begin PBXSourcesBuildPhase section */
		EDEEF19824A1D681000C2438 /* Sources */ = {
			isa = PBXSourcesBuildPhase;
			buildActionMask = 2147483647;
			files = (
				EDEEF1AE24A35060000C2438 /* SeperateSum.swift in Sources */,
				EDEEF1B024A35BB9000C2438 /* BigSize.swift in Sources */,
				EDEEF1AC24A33115000C2438 /* Blackjack.swift in Sources */,
				EDEEF1B324B32007000C2438 /* HighestNumber.swift in Sources */,
				EDEEF1B624B597F6000C2438 /* BestNumber.swift in Sources */,
				EDEEF1A024A1D681000C2438 /* main.swift in Sources */,
				EDEEF1BC24B5BB55000C2438 /* stack1.swift in Sources */,
				EDEEF1BE24B7041E000C2438 /* stack2.swift in Sources */,
				EDEEF1B924B5B4DA000C2438 /* numberSort.swift in Sources */,
				EDEEF1C424BACC80000C2438 /* H_Index.swift in Sources */,
			);
			runOnlyForDeploymentPostprocessing = 0;
		};
/* End PBXSourcesBuildPhase section */

/* Begin XCBuildConfiguration section */
		EDEEF1A124A1D681000C2438 /* Debug */ = {
			isa = XCBuildConfiguration;
			buildSettings = {
				ALWAYS_SEARCH_USER_PATHS = NO;
				CLANG_ANALYZER_NONNULL = YES;
				CLANG_ANALYZER_NUMBER_OBJECT_CONVERSION = YES_AGGRESSIVE;
				CLANG_CXX_LANGUAGE_STANDARD = "gnu++14";
				CLANG_CXX_LIBRARY = "libc++";
				CLANG_ENABLE_MODULES = YES;
				CLANG_ENABLE_OBJC_ARC = YES;
				CLANG_ENABLE_OBJC_WEAK = YES;
				CLANG_WARN_BLOCK_CAPTURE_AUTORELEASING = YES;
				CLANG_WARN_BOOL_CONVERSION = YES;
				CLANG_WARN_COMMA = YES;
				CLANG_WARN_CONSTANT_CONVERSION = YES;
				CLANG_WARN_DEPRECATED_OBJC_IMPLEMENTATIONS = YES;
				CLANG_WARN_DIRECT_OBJC_ISA_USAGE = YES_ERROR;
				CLANG_WARN_DOCUMENTATION_COMMENTS = YES;
				CLANG_WARN_EMPTY_BODY = YES;
				CLANG_WARN_ENUM_CONVERSION = YES;
				CLANG_WARN_INFINITE_RECURSION = YES;
				CLANG_WARN_INT_CONVERSION = YES;
				CLANG_WARN_NON_LITERAL_NULL_CONVERSION = YES;
				CLANG_WARN_OBJC_IMPLICIT_RETAIN_SELF = YES;
				CLANG_WARN_OBJC_LITERAL_CONVERSION = YES;
				CLANG_WARN_OBJC_ROOT_CLASS = YES_ERROR;
				CLANG_WARN_RANGE_LOOP_ANALYSIS = YES;
				CLANG_WARN_STRICT_PROTOTYPES = YES;
				CLANG_WARN_SUSPICIOUS_MOVE = YES;
				CLANG_WARN_UNGUARDED_AVAILABILITY = YES_AGGRESSIVE;
				CLANG_WARN_UNREACHABLE_CODE = YES;
				CLANG_WARN__DUPLICATE_METHOD_MATCH = YES;
				COPY_PHASE_STRIP = NO;
				DEBUG_INFORMATION_FORMAT = dwarf;
				ENABLE_STRICT_OBJC_MSGSEND = YES;
				ENABLE_TESTABILITY = YES;
				GCC_C_LANGUAGE_STANDARD = gnu11;
				GCC_DYNAMIC_NO_PIC = NO;
				GCC_NO_COMMON_BLOCKS = YES;
				GCC_OPTIMIZATION_LEVEL = 0;
				GCC_PREPROCESSOR_DEFINITIONS = (
					"DEBUG=1",
					"$(inherited)",
				);
				GCC_WARN_64_TO_32_BIT_CONVERSION = YES;
				GCC_WARN_ABOUT_RETURN_TYPE = YES_ERROR;
				GCC_WARN_UNDECLARED_SELECTOR = YES;
				GCC_WARN_UNINITIALIZED_AUTOS = YES_AGGRESSIVE;
				GCC_WARN_UNUSED_FUNCTION = YES;
				GCC_WARN_UNUSED_VARIABLE = YES;
				MACOSX_DEPLOYMENT_TARGET = 10.15;
				MTL_ENABLE_DEBUG_INFO = INCLUDE_SOURCE;
				MTL_FAST_MATH = YES;
				ONLY_ACTIVE_ARCH = YES;
				SDKROOT = macosx;
				SWIFT_ACTIVE_COMPILATION_CONDITIONS = DEBUG;
				SWIFT_OPTIMIZATION_LEVEL = "-Onone";
			};
			name = Debug;
		};
		EDEEF1A224A1D681000C2438 /* Release */ = {
			isa = XCBuildConfiguration;
			buildSettings = {
				ALWAYS_SEARCH_USER_PATHS = NO;
				CLANG_ANALYZER_NONNULL = YES;
				CLANG_ANALYZER_NUMBER_OBJECT_CONVERSION = YES_AGGRESSIVE;
				CLANG_CXX_LANGUAGE_STANDARD = "gnu++14";
				CLANG_CXX_LIBRARY = "libc++";
				CLANG_ENABLE_MODULES = YES;
				CLANG_ENABLE_OBJC_ARC = YES;
				CLANG_ENABLE_OBJC_WEAK = YES;
				CLANG_WARN_BLOCK_CAPTURE_AUTORELEASING = YES;
				CLANG_WARN_BOOL_CONVERSION = YES;
				CLANG_WARN_COMMA = YES;
				CLANG_WARN_CONSTANT_CONVERSION = YES;
				CLANG_WARN_DEPRECATED_OBJC_IMPLEMENTATIONS = YES;
				CLANG_WARN_DIRECT_OBJC_ISA_USAGE = YES_ERROR;
				CLANG_WARN_DOCUMENTATION_COMMENTS = YES;
				CLANG_WARN_EMPTY_BODY = YES;
				CLANG_WARN_ENUM_CONVERSION = YES;
				CLANG_WARN_INFINITE_RECURSION = YES;
				CLANG_WARN_INT_CONVERSION = YES;
				CLANG_WARN_NON_LITERAL_NULL_CONVERSION = YES;
				CLANG_WARN_OBJC_IMPLICIT_RETAIN_SELF = YES;
				CLANG_WARN_OBJC_LITERAL_CONVERSION = YES;
				CLANG_WARN_OBJC_ROOT_CLASS = YES_ERROR;
				CLANG_WARN_RANGE_LOOP_ANALYSIS = YES;
				CLANG_WARN_STRICT_PROTOTYPES = YES;
				CLANG_WARN_SUSPICIOUS_MOVE = YES;
				CLANG_WARN_UNGUARDED_AVAILABILITY = YES_AGGRESSIVE;
				CLANG_WARN_UNREACHABLE_CODE = YES;
				CLANG_WARN__DUPLICATE_METHOD_MATCH = YES;
				COPY_PHASE_STRIP = NO;
				DEBUG_INFORMATION_FORMAT = "dwarf-with-dsym";
				ENABLE_NS_ASSERTIONS = NO;
				ENABLE_STRICT_OBJC_MSGSEND = YES;
				GCC_C_LANGUAGE_STANDARD = gnu11;
				GCC_NO_COMMON_BLOCKS = YES;
				GCC_WARN_64_TO_32_BIT_CONVERSION = YES;
				GCC_WARN_ABOUT_RETURN_TYPE = YES_ERROR;
				GCC_WARN_UNDECLARED_SELECTOR = YES;
				GCC_WARN_UNINITIALIZED_AUTOS = YES_AGGRESSIVE;
				GCC_WARN_UNUSED_FUNCTION = YES;
				GCC_WARN_UNUSED_VARIABLE = YES;
				MACOSX_DEPLOYMENT_TARGET = 10.15;
				MTL_ENABLE_DEBUG_INFO = NO;
				MTL_FAST_MATH = YES;
				SDKROOT = macosx;
				SWIFT_COMPILATION_MODE = wholemodule;
				SWIFT_OPTIMIZATION_LEVEL = "-O";
			};
			name = Release;
		};
		EDEEF1A424A1D681000C2438 /* Debug */ = {
			isa = XCBuildConfiguration;
			buildSettings = {
				CODE_SIGN_STYLE = Automatic;
				PRODUCT_NAME = "$(TARGET_NAME)";
				SWIFT_VERSION = 5.0;
			};
			name = Debug;
		};
		EDEEF1A524A1D681000C2438 /* Release */ = {
			isa = XCBuildConfiguration;
			buildSettings = {
				CODE_SIGN_STYLE = Automatic;
				PRODUCT_NAME = "$(TARGET_NAME)";
				SWIFT_VERSION = 5.0;
			};
			name = Release;
		};
/* End XCBuildConfiguration section */

/* Begin XCConfigurationList section */
		EDEEF19724A1D681000C2438 /* Build configuration list for PBXProject "Algorithm_Swift" */ = {
			isa = XCConfigurationList;
			buildConfigurations = (
				EDEEF1A124A1D681000C2438 /* Debug */,
				EDEEF1A224A1D681000C2438 /* Release */,
			);
			defaultConfigurationIsVisible = 0;
			defaultConfigurationName = Release;
		};
		EDEEF1A324A1D681000C2438 /* Build configuration list for PBXNativeTarget "Algorithm_Swift" */ = {
			isa = XCConfigurationList;
			buildConfigurations = (
				EDEEF1A424A1D681000C2438 /* Debug */,
				EDEEF1A524A1D681000C2438 /* Release */,
			);
			defaultConfigurationIsVisible = 0;
			defaultConfigurationName = Release;
		};
/* End XCConfigurationList section */
	};
	rootObject = EDEEF19424A1D681000C2438 /* Project object */;
}
